{
  "name": "node-system",
  "version": "0.1.0",
  "lockfileVersion": 1,
  "requires": true,
  "dependencies": {
    "koa2-connect-history-api-fallback": {
      "version": "0.1.3",
      "resolved": "https://registry.npm.taobao.org/koa2-connect-history-api-fallback/download/koa2-connect-history-api-fallback-0.1.3.tgz",
      "integrity": "sha1-3Qe2GDqxEdSKbhTwiW05OXwrh5s="
    },
    "koa2-cors": {
      "version": "2.0.6",
      "resolved": "https://registry.npm.taobao.org/koa2-cors/download/koa2-cors-2.0.6.tgz"
    }
  }
}
